
Microsoft Visual Studio Solution File, Format Version 12.00
Project("{2150E333-8FDC-42A3-9474-1A3956D46DE8}") = "Management ", "Management ", "{7D941D8E-6CE2-4B30-A972-B02C69F773D3}"
EndProject
Project("{2150E333-8FDC-42A3-9474-1A3956D46DE8}") = "Clinic", "Clinic", "{C2B2250E-CD6F-4467-824D-A047E68FF329}"
EndProject
Project("{FAE04EC0-301F-11D3-BF4B-00C04F79EFBC}") = "Wpm.Management.API", "Clinic\Wpm.Management.API\Wpm.Management.API.csproj", "{160D12CE-B439-4FCA-B542-49020061FAD0}"
EndProject
Project("{FAE04EC0-301F-11D3-BF4B-00C04F79EFBC}") = "Wpm.Management.API", "Management\Wpm.Management.API\Wpm.Management.API.csproj", "{7104427B-712A-4471-85EC-AE0AA943C096}"
EndProject
Global
	GlobalSection(SolutionConfigurationPlatforms) = preSolution
		Debug|Any CPU = Debug|Any CPU
		Release|Any CPU = Release|Any CPU
	EndGlobalSection
	GlobalSection(NestedProjects) = preSolution
		{160D12CE-B439-4FCA-B542-49020061FAD0} = {C2B2250E-CD6F-4467-824D-A047E68FF329}
		{7104427B-712A-4471-85EC-AE0AA943C096} = {7D941D8E-6CE2-4B30-A972-B02C69F773D3}
	EndGlobalSection
	GlobalSection(ProjectConfigurationPlatforms) = postSolution
		{160D12CE-B439-4FCA-B542-49020061FAD0}.Debug|Any CPU.ActiveCfg = Debug|Any CPU
		{160D12CE-B439-4FCA-B542-49020061FAD0}.Debug|Any CPU.Build.0 = Debug|Any CPU
		{160D12CE-B439-4FCA-B542-49020061FAD0}.Release|Any CPU.ActiveCfg = Release|Any CPU
		{160D12CE-B439-4FCA-B542-49020061FAD0}.Release|Any CPU.Build.0 = Release|Any CPU
		{7104427B-712A-4471-85EC-AE0AA943C096}.Debug|Any CPU.ActiveCfg = Debug|Any CPU
		{7104427B-712A-4471-85EC-AE0AA943C096}.Debug|Any CPU.Build.0 = Debug|Any CPU
		{7104427B-712A-4471-85EC-AE0AA943C096}.Release|Any CPU.ActiveCfg = Release|Any CPU
		{7104427B-712A-4471-85EC-AE0AA943C096}.Release|Any CPU.Build.0 = Release|Any CPU
	EndGlobalSection
EndGlobal
